
Microsoft Visual Studio Solution File, Format Version 12.00
# Visual Studio Version 16
VisualStudioVersion = 16.0.28705.295
MinimumVisualStudioVersion = 10.0.40219.1
Project("{9A19103F-16F7-4668-BE54-9A1E7A4F7556}") = "SuperChat.Data", "SuperChat.Data\SuperChat.Data.csproj", "{8E62066E-33F0-4639-8D9B-17BEF57AE5B8}"
EndProject
Project("{9A19103F-16F7-4668-BE54-9A1E7A4F7556}") = "SuperChat.Business", "SuperChat.Business\SuperChat.Business.csproj", "{22E3E1AA-600A-49FB-8753-4CF203C569F9}"
EndProject
Project("{9A19103F-16F7-4668-BE54-9A1E7A4F7556}") = "SuperChat.Domain", "SuperChat.Domain\SuperChat.Domain.csproj", "{02D3C2B2-A835-449E-BCD1-A504967E7FDD}"
EndProject
Project("{9A19103F-16F7-4668-BE54-9A1E7A4F7556}") = "MigrationStartup", "MigrationStartup\MigrationStartup.csproj", "{833FD7FD-61F1-4FA4-9B7D-EE40E1A0243A}"
EndProject
Project("{FAE04EC0-301F-11D3-BF4B-00C04F79EFBC}") = "SuperChat.UI.UWP", "SuperChat.UI.UWP\SuperChat.UI.UWP.csproj", "{C0989583-A407-41D7-BB3C-4031F530E461}"
EndProject
Project("{FAE04EC0-301F-11D3-BF4B-00C04F79EFBC}") = "SuperChat.UI.Console", "SuperChat.UI.Console\SuperChat.UI.Console.csproj", "{76999900-53D2-45BE-A3DB-A17C0DEC2881}"
EndProject
Global
	GlobalSection(SolutionConfigurationPlatforms) = preSolution
		Debug|Any CPU = Debug|Any CPU
		Debug|ARM = Debug|ARM
		Debug|ARM64 = Debug|ARM64
		Debug|x64 = Debug|x64
		Debug|x86 = Debug|x86
		Release|Any CPU = Release|Any CPU
		Release|ARM = Release|ARM
		Release|ARM64 = Release|ARM64
		Release|x64 = Release|x64
		Release|x86 = Release|x86
	EndGlobalSection
	GlobalSection(ProjectConfigurationPlatforms) = postSolution
		{8E62066E-33F0-4639-8D9B-17BEF57AE5B8}.Debug|Any CPU.ActiveCfg = Debug|Any CPU
		{8E62066E-33F0-4639-8D9B-17BEF57AE5B8}.Debug|Any CPU.Build.0 = Debug|Any CPU
		{8E62066E-33F0-4639-8D9B-17BEF57AE5B8}.Debug|ARM.ActiveCfg = Debug|Any CPU
		{8E62066E-33F0-4639-8D9B-17BEF57AE5B8}.Debug|ARM.Build.0 = Debug|Any CPU
		{8E62066E-33F0-4639-8D9B-17BEF57AE5B8}.Debug|ARM64.ActiveCfg = Debug|Any CPU
		{8E62066E-33F0-4639-8D9B-17BEF57AE5B8}.Debug|ARM64.Build.0 = Debug|Any CPU
		{8E62066E-33F0-4639-8D9B-17BEF57AE5B8}.Debug|x64.ActiveCfg = Debug|Any CPU
		{8E62066E-33F0-4639-8D9B-17BEF57AE5B8}.Debug|x64.Build.0 = Debug|Any CPU
		{8E62066E-33F0-4639-8D9B-17BEF57AE5B8}.Debug|x86.ActiveCfg = Debug|Any CPU
		{8E62066E-33F0-4639-8D9B-17BEF57AE5B8}.Debug|x86.Build.0 = Debug|Any CPU
		{8E62066E-33F0-4639-8D9B-17BEF57AE5B8}.Release|Any CPU.ActiveCfg = Release|Any CPU
		{8E62066E-33F0-4639-8D9B-17BEF57AE5B8}.Release|Any CPU.Build.0 = Release|Any CPU
		{8E62066E-33F0-4639-8D9B-17BEF57AE5B8}.Release|ARM.ActiveCfg = Release|Any CPU
		{8E62066E-33F0-4639-8D9B-17BEF57AE5B8}.Release|ARM.Build.0 = Release|Any CPU
		{8E62066E-33F0-4639-8D9B-17BEF57AE5B8}.Release|ARM64.ActiveCfg = Release|Any CPU
		{8E62066E-33F0-4639-8D9B-17BEF57AE5B8}.Release|ARM64.Build.0 = Release|Any CPU
		{8E62066E-33F0-4639-8D9B-17BEF57AE5B8}.Release|x64.ActiveCfg = Release|Any CPU
		{8E62066E-33F0-4639-8D9B-17BEF57AE5B8}.Release|x64.Build.0 = Release|Any CPU
		{8E62066E-33F0-4639-8D9B-17BEF57AE5B8}.Release|x86.ActiveCfg = Release|Any CPU
		{8E62066E-33F0-4639-8D9B-17BEF57AE5B8}.Release|x86.Build.0 = Release|Any CPU
		{22E3E1AA-600A-49FB-8753-4CF203C569F9}.Debug|Any CPU.ActiveCfg = Debug|Any CPU
		{22E3E1AA-600A-49FB-8753-4CF203C569F9}.Debug|Any CPU.Build.0 = Debug|Any CPU
		{22E3E1AA-600A-49FB-8753-4CF203C569F9}.Debug|ARM.ActiveCfg = Debug|Any CPU
		{22E3E1AA-600A-49FB-8753-4CF203C569F9}.Debug|ARM.Build.0 = Debug|Any CPU
		{22E3E1AA-600A-49FB-8753-4CF203C569F9}.Debug|ARM64.ActiveCfg = Debug|Any CPU
		{22E3E1AA-600A-49FB-8753-4CF203C569F9}.Debug|ARM64.Build.0 = Debug|Any CPU
		{22E3E1AA-600A-49FB-8753-4CF203C569F9}.Debug|x64.ActiveCfg = Debug|Any CPU
		{22E3E1AA-600A-49FB-8753-4CF203C569F9}.Debug|x64.Build.0 = Debug|Any CPU
		{22E3E1AA-600A-49FB-8753-4CF203C569F9}.Debug|x86.ActiveCfg = Debug|Any CPU
		{22E3E1AA-600A-49FB-8753-4CF203C569F9}.Debug|x86.Build.0 = Debug|Any CPU
		{22E3E1AA-600A-49FB-8753-4CF203C569F9}.Release|Any CPU.ActiveCfg = Release|Any CPU
		{22E3E1AA-600A-49FB-8753-4CF203C569F9}.Release|Any CPU.Build.0 = Release|Any CPU
		{22E3E1AA-600A-49FB-8753-4CF203C569F9}.Release|ARM.ActiveCfg = Release|Any CPU
		{22E3E1AA-600A-49FB-8753-4CF203C569F9}.Release|ARM.Build.0 = Release|Any CPU
		{22E3E1AA-600A-49FB-8753-4CF203C569F9}.Release|ARM64.ActiveCfg = Release|Any CPU
		{22E3E1AA-600A-49FB-8753-4CF203C569F9}.Release|ARM64.Build.0 = Release|Any CPU
		{22E3E1AA-600A-49FB-8753-4CF203C569F9}.Release|x64.ActiveCfg = Release|Any CPU
		{22E3E1AA-600A-49FB-8753-4CF203C569F9}.Release|x64.Build.0 = Release|Any CPU
		{22E3E1AA-600A-49FB-8753-4CF203C569F9}.Release|x86.ActiveCfg = Release|Any CPU
		{22E3E1AA-600A-49FB-8753-4CF203C569F9}.Release|x86.Build.0 = Release|Any CPU
		{02D3C2B2-A835-449E-BCD1-A504967E7FDD}.Debug|Any CPU.ActiveCfg = Debug|Any CPU
		{02D3C2B2-A835-449E-BCD1-A504967E7FDD}.Debug|Any CPU.Build.0 = Debug|Any CPU
		{02D3C2B2-A835-449E-BCD1-A504967E7FDD}.Debug|ARM.ActiveCfg = Debug|Any CPU
		{02D3C2B2-A835-449E-BCD1-A504967E7FDD}.Debug|ARM.Build.0 = Debug|Any CPU
		{02D3C2B2-A835-449E-BCD1-A504967E7FDD}.Debug|ARM64.ActiveCfg = Debug|Any CPU
		{02D3C2B2-A835-449E-BCD1-A504967E7FDD}.Debug|ARM64.Build.0 = Debug|Any CPU
		{02D3C2B2-A835-449E-BCD1-A504967E7FDD}.Debug|x64.ActiveCfg = Debug|Any CPU
		{02D3C2B2-A835-449E-BCD1-A504967E7FDD}.Debug|x64.Build.0 = Debug|Any CPU
		{02D3C2B2-A835-449E-BCD1-A504967E7FDD}.Debug|x86.ActiveCfg = Debug|Any CPU
		{02D3C2B2-A835-449E-BCD1-A504967E7FDD}.Debug|x86.Build.0 = Debug|Any CPU
		{02D3C2B2-A835-449E-BCD1-A504967E7FDD}.Release|Any CPU.ActiveCfg = Release|Any CPU
		{02D3C2B2-A835-449E-BCD1-A504967E7FDD}.Release|Any CPU.Build.0 = Release|Any CPU
		{02D3C2B2-A835-449E-BCD1-A504967E7FDD}.Release|ARM.ActiveCfg = Release|Any CPU
		{02D3C2B2-A835-449E-BCD1-A504967E7FDD}.Release|ARM.Build.0 = Release|Any CPU
		{02D3C2B2-A835-449E-BCD1-A504967E7FDD}.Release|ARM64.ActiveCfg = Release|Any CPU
		{02D3C2B2-A835-449E-BCD1-A504967E7FDD}.Release|ARM64.Build.0 = Release|Any CPU
		{02D3C2B2-A835-449E-BCD1-A504967E7FDD}.Release|x64.ActiveCfg = Release|Any CPU
		{02D3C2B2-A835-449E-BCD1-A504967E7FDD}.Release|x64.Build.0 = Release|Any CPU
		{02D3C2B2-A835-449E-BCD1-A504967E7FDD}.Release|x86.ActiveCfg = Release|Any CPU
		{02D3C2B2-A835-449E-BCD1-A504967E7FDD}.Release|x86.Build.0 = Release|Any CPU
		{833FD7FD-61F1-4FA4-9B7D-EE40E1A0243A}.Debug|Any CPU.ActiveCfg = Debug|Any CPU
		{833FD7FD-61F1-4FA4-9B7D-EE40E1A0243A}.Debug|Any CPU.Build.0 = Debug|Any CPU
		{833FD7FD-61F1-4FA4-9B7D-EE40E1A0243A}.Debug|ARM.ActiveCfg = Debug|Any CPU
		{833FD7FD-61F1-4FA4-9B7D-EE40E1A0243A}.Debug|ARM.Build.0 = Debug|Any CPU
		{833FD7FD-61F1-4FA4-9B7D-EE40E1A0243A}.Debug|ARM64.ActiveCfg = Debug|Any CPU
		{833FD7FD-61F1-4FA4-9B7D-EE40E1A0243A}.Debug|ARM64.Build.0 = Debug|Any CPU
		{833FD7FD-61F1-4FA4-9B7D-EE40E1A0243A}.Debug|x64.ActiveCfg = Debug|Any CPU
		{833FD7FD-61F1-4FA4-9B7D-EE40E1A0243A}.Debug|x64.Build.0 = Debug|Any CPU
		{833FD7FD-61F1-4FA4-9B7D-EE40E1A0243A}.Debug|x86.ActiveCfg = Debug|Any CPU
		{833FD7FD-61F1-4FA4-9B7D-EE40E1A0243A}.Debug|x86.Build.0 = Debug|Any CPU
		{833FD7FD-61F1-4FA4-9B7D-EE40E1A0243A}.Release|Any CPU.ActiveCfg = Release|Any CPU
		{833FD7FD-61F1-4FA4-9B7D-EE40E1A0243A}.Release|Any CPU.Build.0 = Release|Any CPU
		{833FD7FD-61F1-4FA4-9B7D-EE40E1A0243A}.Release|ARM.ActiveCfg = Release|Any CPU
		{833FD7FD-61F1-4FA4-9B7D-EE40E1A0243A}.Release|ARM.Build.0 = Release|Any CPU
		{833FD7FD-61F1-4FA4-9B7D-EE40E1A0243A}.Release|ARM64.ActiveCfg = Release|Any CPU
		{833FD7FD-61F1-4FA4-9B7D-EE40E1A0243A}.Release|ARM64.Build.0 = Release|Any CPU
		{833FD7FD-61F1-4FA4-9B7D-EE40E1A0243A}.Release|x64.ActiveCfg = Release|Any CPU
		{833FD7FD-61F1-4FA4-9B7D-EE40E1A0243A}.Release|x64.Build.0 = Release|Any CPU
		{833FD7FD-61F1-4FA4-9B7D-EE40E1A0243A}.Release|x86.ActiveCfg = Release|Any CPU
		{833FD7FD-61F1-4FA4-9B7D-EE40E1A0243A}.Release|x86.Build.0 = Release|Any CPU
		{C0989583-A407-41D7-BB3C-4031F530E461}.Debug|Any CPU.ActiveCfg = Debug|x86
		{C0989583-A407-41D7-BB3C-4031F530E461}.Debug|ARM.ActiveCfg = Debug|ARM
		{C0989583-A407-41D7-BB3C-4031F530E461}.Debug|ARM.Build.0 = Debug|ARM
		{C0989583-A407-41D7-BB3C-4031F530E461}.Debug|ARM.Deploy.0 = Debug|ARM
		{C0989583-A407-41D7-BB3C-4031F530E461}.Debug|ARM64.ActiveCfg = Debug|ARM64
		{C0989583-A407-41D7-BB3C-4031F530E461}.Debug|ARM64.Build.0 = Debug|ARM64
		{C0989583-A407-41D7-BB3C-4031F530E461}.Debug|ARM64.Deploy.0 = Debug|ARM64
		{C0989583-A407-41D7-BB3C-4031F530E461}.Debug|x64.ActiveCfg = Debug|x64
		{C0989583-A407-41D7-BB3C-4031F530E461}.Debug|x64.Build.0 = Debug|x64
		{C0989583-A407-41D7-BB3C-4031F530E461}.Debug|x64.Deploy.0 = Debug|x64
		{C0989583-A407-41D7-BB3C-4031F530E461}.Debug|x86.ActiveCfg = Debug|x86
		{C0989583-A407-41D7-BB3C-4031F530E461}.Debug|x86.Build.0 = Debug|x86
		{C0989583-A407-41D7-BB3C-4031F530E461}.Debug|x86.Deploy.0 = Debug|x86
		{C0989583-A407-41D7-BB3C-4031F530E461}.Release|Any CPU.ActiveCfg = Release|x86
		{C0989583-A407-41D7-BB3C-4031F530E461}.Release|ARM.ActiveCfg = Release|ARM
		{C0989583-A407-41D7-BB3C-4031F530E461}.Release|ARM.Build.0 = Release|ARM
		{C0989583-A407-41D7-BB3C-4031F530E461}.Release|ARM.Deploy.0 = Release|ARM
		{C0989583-A407-41D7-BB3C-4031F530E461}.Release|ARM64.ActiveCfg = Release|ARM64
		{C0989583-A407-41D7-BB3C-4031F530E461}.Release|ARM64.Build.0 = Release|ARM64
		{C0989583-A407-41D7-BB3C-4031F530E461}.Release|ARM64.Deploy.0 = Release|ARM64
		{C0989583-A407-41D7-BB3C-4031F530E461}.Release|x64.ActiveCfg = Release|x64
		{C0989583-A407-41D7-BB3C-4031F530E461}.Release|x64.Build.0 = Release|x64
		{C0989583-A407-41D7-BB3C-4031F530E461}.Release|x64.Deploy.0 = Release|x64
		{C0989583-A407-41D7-BB3C-4031F530E461}.Release|x86.ActiveCfg = Release|x86
		{C0989583-A407-41D7-BB3C-4031F530E461}.Release|x86.Build.0 = Release|x86
		{C0989583-A407-41D7-BB3C-4031F530E461}.Release|x86.Deploy.0 = Release|x86
		{76999900-53D2-45BE-A3DB-A17C0DEC2881}.Debug|Any CPU.ActiveCfg = Debug|Any CPU
		{76999900-53D2-45BE-A3DB-A17C0DEC2881}.Debug|Any CPU.Build.0 = Debug|Any CPU
		{76999900-53D2-45BE-A3DB-A17C0DEC2881}.Debug|ARM.ActiveCfg = Debug|Any CPU
		{76999900-53D2-45BE-A3DB-A17C0DEC2881}.Debug|ARM.Build.0 = Debug|Any CPU
		{76999900-53D2-45BE-A3DB-A17C0DEC2881}.Debug|ARM64.ActiveCfg = Debug|Any CPU
		{76999900-53D2-45BE-A3DB-A17C0DEC2881}.Debug|ARM64.Build.0 = Debug|Any CPU
		{76999900-53D2-45BE-A3DB-A17C0DEC2881}.Debug|x64.ActiveCfg = Debug|Any CPU
		{76999900-53D2-45BE-A3DB-A17C0DEC2881}.Debug|x64.Build.0 = Debug|Any CPU
		{76999900-53D2-45BE-A3DB-A17C0DEC2881}.Debug|x86.ActiveCfg = Debug|Any CPU
		{76999900-53D2-45BE-A3DB-A17C0DEC2881}.Debug|x86.Build.0 = Debug|Any CPU
		{76999900-53D2-45BE-A3DB-A17C0DEC2881}.Release|Any CPU.ActiveCfg = Release|Any CPU
		{76999900-53D2-45BE-A3DB-A17C0DEC2881}.Release|Any CPU.Build.0 = Release|Any CPU
		{76999900-53D2-45BE-A3DB-A17C0DEC2881}.Release|ARM.ActiveCfg = Release|Any CPU
		{76999900-53D2-45BE-A3DB-A17C0DEC2881}.Release|ARM.Build.0 = Release|Any CPU
		{76999900-53D2-45BE-A3DB-A17C0DEC2881}.Release|ARM64.ActiveCfg = Release|Any CPU
		{76999900-53D2-45BE-A3DB-A17C0DEC2881}.Release|ARM64.Build.0 = Release|Any CPU
		{76999900-53D2-45BE-A3DB-A17C0DEC2881}.Release|x64.ActiveCfg = Release|Any CPU
		{76999900-53D2-45BE-A3DB-A17C0DEC2881}.Release|x64.Build.0 = Release|Any CPU
		{76999900-53D2-45BE-A3DB-A17C0DEC2881}.Release|x86.ActiveCfg = Release|Any CPU
		{76999900-53D2-45BE-A3DB-A17C0DEC2881}.Release|x86.Build.0 = Release|Any CPU
	EndGlobalSection
	GlobalSection(SolutionProperties) = preSolution
		HideSolutionNode = FALSE
	EndGlobalSection
	GlobalSection(ExtensibilityGlobals) = postSolution
		SolutionGuid = {F45C035B-E00F-456A-BBF2-AC5433AB090C}
	EndGlobalSection
EndGlobal
